
Microsoft Visual Studio Solution File, Format Version 12.00
# Visual Studio 15
VisualStudioVersion = 15.0.26430.6
MinimumVisualStudioVersion = 10.0.40219.1
Project("{FAE04EC0-301F-11D3-BF4B-00C04F79EFBC}") = "EditoraCrescer.Infraestrutura", "EditoraCrescer.Infraestrutura\EditoraCrescer.Infraestrutura.csproj", "{796DE1A0-E63F-4F5B-A301-5524876A4CFC}"
EndProject
Project("{FAE04EC0-301F-11D3-BF4B-00C04F79EFBC}") = "ConsoleApp", "ConsoleApp\ConsoleApp.csproj", "{3B622DF6-10B2-406D-A66D-EC26AA305DAF}"
EndProject
Project("{FAE04EC0-301F-11D3-BF4B-00C04F79EFBC}") = "EditoraCrescer.WebAPI", "EditoraCrescer.WebAPI\EditoraCrescer.WebAPI.csproj", "{A32C08DF-6693-43F8-A2F1-87F6EC023DA6}"
EndProject
Global
	GlobalSection(SolutionConfigurationPlatforms) = preSolution
		Debug|Any CPU = Debug|Any CPU
		Release|Any CPU = Release|Any CPU
	EndGlobalSection
	GlobalSection(ProjectConfigurationPlatforms) = postSolution
		{796DE1A0-E63F-4F5B-A301-5524876A4CFC}.Debug|Any CPU.ActiveCfg = Debug|Any CPU
		{796DE1A0-E63F-4F5B-A301-5524876A4CFC}.Debug|Any CPU.Build.0 = Debug|Any CPU
		{796DE1A0-E63F-4F5B-A301-5524876A4CFC}.Release|Any CPU.ActiveCfg = Release|Any CPU
		{796DE1A0-E63F-4F5B-A301-5524876A4CFC}.Release|Any CPU.Build.0 = Release|Any CPU
		{3B622DF6-10B2-406D-A66D-EC26AA305DAF}.Debug|Any CPU.ActiveCfg = Debug|Any CPU
		{3B622DF6-10B2-406D-A66D-EC26AA305DAF}.Debug|Any CPU.Build.0 = Debug|Any CPU
		{3B622DF6-10B2-406D-A66D-EC26AA305DAF}.Release|Any CPU.ActiveCfg = Release|Any CPU
		{3B622DF6-10B2-406D-A66D-EC26AA305DAF}.Release|Any CPU.Build.0 = Release|Any CPU
		{A32C08DF-6693-43F8-A2F1-87F6EC023DA6}.Debug|Any CPU.ActiveCfg = Debug|Any CPU
		{A32C08DF-6693-43F8-A2F1-87F6EC023DA6}.Debug|Any CPU.Build.0 = Debug|Any CPU
		{A32C08DF-6693-43F8-A2F1-87F6EC023DA6}.Release|Any CPU.ActiveCfg = Release|Any CPU
		{A32C08DF-6693-43F8-A2F1-87F6EC023DA6}.Release|Any CPU.Build.0 = Release|Any CPU
	EndGlobalSection
	GlobalSection(SolutionProperties) = preSolution
		HideSolutionNode = FALSE
	EndGlobalSection
EndGlobal
